
Microsoft Visual Studio Solution File, Format Version 12.00
# Visual Studio 15
VisualStudioVersion = 15.0.27004.2002
MinimumVisualStudioVersion = 15.0.26124.0
Project("{9A19103F-16F7-4668-BE54-9A1E7A4F7556}") = "Carter", "src\Carter.csproj", "{A6D020CF-1722-4AB3-A8B3-69F54319AD6A}"
EndProject
Project("{9A19103F-16F7-4668-BE54-9A1E7A4F7556}") = "CarterSample", "samples\CarterSample\CarterSample.csproj", "{2C511F74-490A-4804-A826-DC9626C669E9}"
EndProject
Project("{2150E333-8FDC-42A3-9474-1A3956D46DE8}") = "src", "src", "{5D056A8A-821C-4C3C-A281-4FA7F8CE251B}"
EndProject
Project("{2150E333-8FDC-42A3-9474-1A3956D46DE8}") = "samples", "samples", "{35DE35A0-758D-4FDD-BDA3-67F04F65677D}"
EndProject
Project("{2150E333-8FDC-42A3-9474-1A3956D46DE8}") = "test", "test", "{DCB5B9A0-F06D-4BDF-917D-A459C790C718}"
EndProject
Project("{9A19103F-16F7-4668-BE54-9A1E7A4F7556}") = "Carter.Tests", "test\Carter.Tests\Carter.Tests.csproj", "{32E3C950-F6C1-4635-B87F-0EA30044E2F4}"
EndProject
Project("{2150E333-8FDC-42A3-9474-1A3956D46DE8}") = "template", "template", "{47344C99-29DA-410E-AFC2-8FD3BA6727DB}"
ProjectSection(SolutionItems) = preProject
	template\CarterTemplate.nuspec = template\CarterTemplate.nuspec
EndProjectSection
EndProject
Project("{9A19103F-16F7-4668-BE54-9A1E7A4F7556}") = "CarterTemplate", "template\content\CarterTemplate.csproj", "{572762BB-5DFF-425F-8F66-500B973DBB0E}"
EndProject
Project("{FAE04EC0-301F-11D3-BF4B-00C04F79EFBC}") = "Carter.Samples.Tests", "test\Carter.Samples.Tests\Carter.Samples.Tests.csproj", "{DD5E942A-D546-489B-A5E9-8CB42C61BEC1}"
EndProject
Project("{FAE04EC0-301F-11D3-BF4B-00C04F79EFBC}") = "CarterAndMVC", "samples\CarterAndMVC\CarterAndMVC.csproj", "{CE26885C-BB25-4A2C-B550-1D807CD1A066}"
EndProject
Project("{FAE04EC0-301F-11D3-BF4B-00C04F79EFBC}") = "ValidatorOnlyProject", "samples\ValidatorOnlyProject\ValidatorOnlyProject.csproj", "{E5D99119-96EB-4C01-9EC2-A06FC3EEC182}"
EndProject
Global
	GlobalSection(SolutionConfigurationPlatforms) = preSolution
		Debug|Any CPU = Debug|Any CPU
		Debug|x64 = Debug|x64
		Debug|x86 = Debug|x86
		Release|Any CPU = Release|Any CPU
		Release|x64 = Release|x64
		Release|x86 = Release|x86
	EndGlobalSection
	GlobalSection(ProjectConfigurationPlatforms) = postSolution
		{A6D020CF-1722-4AB3-A8B3-69F54319AD6A}.Debug|Any CPU.ActiveCfg = Debug|Any CPU
		{A6D020CF-1722-4AB3-A8B3-69F54319AD6A}.Debug|Any CPU.Build.0 = Debug|Any CPU
		{A6D020CF-1722-4AB3-A8B3-69F54319AD6A}.Debug|x64.ActiveCfg = Debug|Any CPU
		{A6D020CF-1722-4AB3-A8B3-69F54319AD6A}.Debug|x64.Build.0 = Debug|Any CPU
		{A6D020CF-1722-4AB3-A8B3-69F54319AD6A}.Debug|x86.ActiveCfg = Debug|Any CPU
		{A6D020CF-1722-4AB3-A8B3-69F54319AD6A}.Debug|x86.Build.0 = Debug|Any CPU
		{A6D020CF-1722-4AB3-A8B3-69F54319AD6A}.Release|Any CPU.ActiveCfg = Release|Any CPU
		{A6D020CF-1722-4AB3-A8B3-69F54319AD6A}.Release|Any CPU.Build.0 = Release|Any CPU
		{A6D020CF-1722-4AB3-A8B3-69F54319AD6A}.Release|x64.ActiveCfg = Release|Any CPU
		{A6D020CF-1722-4AB3-A8B3-69F54319AD6A}.Release|x64.Build.0 = Release|Any CPU
		{A6D020CF-1722-4AB3-A8B3-69F54319AD6A}.Release|x86.ActiveCfg = Release|Any CPU
		{A6D020CF-1722-4AB3-A8B3-69F54319AD6A}.Release|x86.Build.0 = Release|Any CPU
		{2C511F74-490A-4804-A826-DC9626C669E9}.Debug|Any CPU.ActiveCfg = Debug|Any CPU
		{2C511F74-490A-4804-A826-DC9626C669E9}.Debug|Any CPU.Build.0 = Debug|Any CPU
		{2C511F74-490A-4804-A826-DC9626C669E9}.Debug|x64.ActiveCfg = Debug|Any CPU
		{2C511F74-490A-4804-A826-DC9626C669E9}.Debug|x64.Build.0 = Debug|Any CPU
		{2C511F74-490A-4804-A826-DC9626C669E9}.Debug|x86.ActiveCfg = Debug|Any CPU
		{2C511F74-490A-4804-A826-DC9626C669E9}.Debug|x86.Build.0 = Debug|Any CPU
		{2C511F74-490A-4804-A826-DC9626C669E9}.Release|Any CPU.ActiveCfg = Release|Any CPU
		{2C511F74-490A-4804-A826-DC9626C669E9}.Release|Any CPU.Build.0 = Release|Any CPU
		{2C511F74-490A-4804-A826-DC9626C669E9}.Release|x64.ActiveCfg = Release|Any CPU
		{2C511F74-490A-4804-A826-DC9626C669E9}.Release|x64.Build.0 = Release|Any CPU
		{2C511F74-490A-4804-A826-DC9626C669E9}.Release|x86.ActiveCfg = Release|Any CPU
		{2C511F74-490A-4804-A826-DC9626C669E9}.Release|x86.Build.0 = Release|Any CPU
		{32E3C950-F6C1-4635-B87F-0EA30044E2F4}.Debug|Any CPU.ActiveCfg = Debug|Any CPU
		{32E3C950-F6C1-4635-B87F-0EA30044E2F4}.Debug|Any CPU.Build.0 = Debug|Any CPU
		{32E3C950-F6C1-4635-B87F-0EA30044E2F4}.Debug|x64.ActiveCfg = Debug|Any CPU
		{32E3C950-F6C1-4635-B87F-0EA30044E2F4}.Debug|x64.Build.0 = Debug|Any CPU
		{32E3C950-F6C1-4635-B87F-0EA30044E2F4}.Debug|x86.ActiveCfg = Debug|Any CPU
		{32E3C950-F6C1-4635-B87F-0EA30044E2F4}.Debug|x86.Build.0 = Debug|Any CPU
		{32E3C950-F6C1-4635-B87F-0EA30044E2F4}.Release|Any CPU.ActiveCfg = Release|Any CPU
		{32E3C950-F6C1-4635-B87F-0EA30044E2F4}.Release|Any CPU.Build.0 = Release|Any CPU
		{32E3C950-F6C1-4635-B87F-0EA30044E2F4}.Release|x64.ActiveCfg = Release|Any CPU
		{32E3C950-F6C1-4635-B87F-0EA30044E2F4}.Release|x64.Build.0 = Release|Any CPU
		{32E3C950-F6C1-4635-B87F-0EA30044E2F4}.Release|x86.ActiveCfg = Release|Any CPU
		{32E3C950-F6C1-4635-B87F-0EA30044E2F4}.Release|x86.Build.0 = Release|Any CPU
		{572762BB-5DFF-425F-8F66-500B973DBB0E}.Debug|Any CPU.ActiveCfg = Debug|Any CPU
		{572762BB-5DFF-425F-8F66-500B973DBB0E}.Debug|Any CPU.Build.0 = Debug|Any CPU
		{572762BB-5DFF-425F-8F66-500B973DBB0E}.Debug|x64.ActiveCfg = Debug|Any CPU
		{572762BB-5DFF-425F-8F66-500B973DBB0E}.Debug|x64.Build.0 = Debug|Any CPU
		{572762BB-5DFF-425F-8F66-500B973DBB0E}.Debug|x86.ActiveCfg = Debug|Any CPU
		{572762BB-5DFF-425F-8F66-500B973DBB0E}.Debug|x86.Build.0 = Debug|Any CPU
		{572762BB-5DFF-425F-8F66-500B973DBB0E}.Release|Any CPU.ActiveCfg = Release|Any CPU
		{572762BB-5DFF-425F-8F66-500B973DBB0E}.Release|Any CPU.Build.0 = Release|Any CPU
		{572762BB-5DFF-425F-8F66-500B973DBB0E}.Release|x64.ActiveCfg = Release|Any CPU
		{572762BB-5DFF-425F-8F66-500B973DBB0E}.Release|x64.Build.0 = Release|Any CPU
		{572762BB-5DFF-425F-8F66-500B973DBB0E}.Release|x86.ActiveCfg = Release|Any CPU
		{572762BB-5DFF-425F-8F66-500B973DBB0E}.Release|x86.Build.0 = Release|Any CPU
		{DD5E942A-D546-489B-A5E9-8CB42C61BEC1}.Debug|Any CPU.ActiveCfg = Debug|Any CPU
		{DD5E942A-D546-489B-A5E9-8CB42C61BEC1}.Debug|Any CPU.Build.0 = Debug|Any CPU
		{DD5E942A-D546-489B-A5E9-8CB42C61BEC1}.Debug|x64.ActiveCfg = Debug|x64
		{DD5E942A-D546-489B-A5E9-8CB42C61BEC1}.Debug|x64.Build.0 = Debug|x64
		{DD5E942A-D546-489B-A5E9-8CB42C61BEC1}.Debug|x86.ActiveCfg = Debug|x86
		{DD5E942A-D546-489B-A5E9-8CB42C61BEC1}.Debug|x86.Build.0 = Debug|x86
		{DD5E942A-D546-489B-A5E9-8CB42C61BEC1}.Release|Any CPU.ActiveCfg = Release|Any CPU
		{DD5E942A-D546-489B-A5E9-8CB42C61BEC1}.Release|Any CPU.Build.0 = Release|Any CPU
		{DD5E942A-D546-489B-A5E9-8CB42C61BEC1}.Release|x64.ActiveCfg = Release|x64
		{DD5E942A-D546-489B-A5E9-8CB42C61BEC1}.Release|x64.Build.0 = Release|x64
		{DD5E942A-D546-489B-A5E9-8CB42C61BEC1}.Release|x86.ActiveCfg = Release|x86
		{DD5E942A-D546-489B-A5E9-8CB42C61BEC1}.Release|x86.Build.0 = Release|x86
		{CE26885C-BB25-4A2C-B550-1D807CD1A066}.Debug|Any CPU.ActiveCfg = Debug|Any CPU
		{CE26885C-BB25-4A2C-B550-1D807CD1A066}.Debug|Any CPU.Build.0 = Debug|Any CPU
		{CE26885C-BB25-4A2C-B550-1D807CD1A066}.Debug|x64.ActiveCfg = Debug|Any CPU
		{CE26885C-BB25-4A2C-B550-1D807CD1A066}.Debug|x64.Build.0 = Debug|Any CPU
		{CE26885C-BB25-4A2C-B550-1D807CD1A066}.Debug|x86.ActiveCfg = Debug|Any CPU
		{CE26885C-BB25-4A2C-B550-1D807CD1A066}.Debug|x86.Build.0 = Debug|Any CPU
		{CE26885C-BB25-4A2C-B550-1D807CD1A066}.Release|Any CPU.ActiveCfg = Release|Any CPU
		{CE26885C-BB25-4A2C-B550-1D807CD1A066}.Release|Any CPU.Build.0 = Release|Any CPU
		{CE26885C-BB25-4A2C-B550-1D807CD1A066}.Release|x64.ActiveCfg = Release|Any CPU
		{CE26885C-BB25-4A2C-B550-1D807CD1A066}.Release|x64.Build.0 = Release|Any CPU
		{CE26885C-BB25-4A2C-B550-1D807CD1A066}.Release|x86.ActiveCfg = Release|Any CPU
		{CE26885C-BB25-4A2C-B550-1D807CD1A066}.Release|x86.Build.0 = Release|Any CPU
		{E5D99119-96EB-4C01-9EC2-A06FC3EEC182}.Debug|Any CPU.ActiveCfg = Debug|Any CPU
		{E5D99119-96EB-4C01-9EC2-A06FC3EEC182}.Debug|Any CPU.Build.0 = Debug|Any CPU
		{E5D99119-96EB-4C01-9EC2-A06FC3EEC182}.Debug|x64.ActiveCfg = Debug|Any CPU
		{E5D99119-96EB-4C01-9EC2-A06FC3EEC182}.Debug|x64.Build.0 = Debug|Any CPU
		{E5D99119-96EB-4C01-9EC2-A06FC3EEC182}.Debug|x86.ActiveCfg = Debug|Any CPU
		{E5D99119-96EB-4C01-9EC2-A06FC3EEC182}.Debug|x86.Build.0 = Debug|Any CPU
		{E5D99119-96EB-4C01-9EC2-A06FC3EEC182}.Release|Any CPU.ActiveCfg = Release|Any CPU
		{E5D99119-96EB-4C01-9EC2-A06FC3EEC182}.Release|Any CPU.Build.0 = Release|Any CPU
		{E5D99119-96EB-4C01-9EC2-A06FC3EEC182}.Release|x64.ActiveCfg = Release|Any CPU
		{E5D99119-96EB-4C01-9EC2-A06FC3EEC182}.Release|x64.Build.0 = Release|Any CPU
		{E5D99119-96EB-4C01-9EC2-A06FC3EEC182}.Release|x86.ActiveCfg = Release|Any CPU
		{E5D99119-96EB-4C01-9EC2-A06FC3EEC182}.Release|x86.Build.0 = Release|Any CPU
	EndGlobalSection
	GlobalSection(SolutionProperties) = preSolution
		HideSolutionNode = FALSE
	EndGlobalSection
	GlobalSection(NestedProjects) = preSolution
		{A6D020CF-1722-4AB3-A8B3-69F54319AD6A} = {5D056A8A-821C-4C3C-A281-4FA7F8CE251B}
		{2C511F74-490A-4804-A826-DC9626C669E9} = {35DE35A0-758D-4FDD-BDA3-67F04F65677D}
		{32E3C950-F6C1-4635-B87F-0EA30044E2F4} = {DCB5B9A0-F06D-4BDF-917D-A459C790C718}
		{572762BB-5DFF-425F-8F66-500B973DBB0E} = {47344C99-29DA-410E-AFC2-8FD3BA6727DB}
		{DD5E942A-D546-489B-A5E9-8CB42C61BEC1} = {DCB5B9A0-F06D-4BDF-917D-A459C790C718}
		{CE26885C-BB25-4A2C-B550-1D807CD1A066} = {35DE35A0-758D-4FDD-BDA3-67F04F65677D}
		{E5D99119-96EB-4C01-9EC2-A06FC3EEC182} = {35DE35A0-758D-4FDD-BDA3-67F04F65677D}
	EndGlobalSection
	GlobalSection(ExtensibilityGlobals) = postSolution
		SolutionGuid = {9096DE78-6327-48BA-AE0E-336F769681A7}
	EndGlobalSection
EndGlobal
